{
  "name": "@gallolabs/nanodate",
  "version": "1.0.0",
  "lockfileVersion": 3,
  "requires": true,
  "packages": {
    "": {
      "name": "@gallolabs/nanodate",
      "version": "1.0.0",
      "license": "ISC",
      "dependencies": {
        "node-system-time": "^0.1.1"
      }
    },
    "node_modules/node-addon-api": {
      "version": "8.2.1",
      "resolved": "https://registry.npmjs.org/node-addon-api/-/node-addon-api-8.2.1.tgz",
      "integrity": "sha512-vmEOvxwiH8tlOcv4SyE8RH34rI5/nWVaigUeAUPawC6f0+HoDthwI0vkMu4tbtsZrXq6QXFfrkhjofzKEs5tpA==",
      "engines": {
        "node": "^18 || ^20 || >= 21"
      }
    },
    "node_modules/node-system-time": {
      "version": "0.1.1",
      "resolved": "https://registry.npmjs.org/node-system-time/-/node-system-time-0.1.1.tgz",
      "integrity": "sha512-F8vvI9rM9y9kdTHV7QvQjjGOTKkBFk3UyEGOLDA9cQuGbrvhAhIGCB9a/KrC/Al4EBlgR/EZKUHlzzJH4EErwQ==",
      "hasInstallScript": true,
      "dependencies": {
        "node-addon-api": "^8.1.0"
      }
    }
  }
}
